
Microsoft Visual Studio Solution File, Format Version 12.00
# Visual Studio 2013
VisualStudioVersion = 12.0.21005.1
MinimumVisualStudioVersion = 10.0.40219.1
Project("{FAE04EC0-301F-11D3-BF4B-00C04F79EFBC}") = "GUI", "GUI\GUI.csproj", "{16E95A80-407C-40B4-867B-BAEDF8A57DFB}"
EndProject
Project("{FAE04EC0-301F-11D3-BF4B-00C04F79EFBC}") = "DTO", "DTO\DTO.csproj", "{8C0C4CEA-C144-49C1-894B-4D8B7639DFF1}"
EndProject
Project("{FAE04EC0-301F-11D3-BF4B-00C04F79EFBC}") = "DAL", "DAL\DAL.csproj", "{EFD4D821-D5C9-48FD-A664-218744C70E35}"
EndProject
Project("{FAE04EC0-301F-11D3-BF4B-00C04F79EFBC}") = "BLL", "BLL\BLL.csproj", "{2C0CBDAF-23DA-4148-8E45-C8AE3FAFDAB2}"
EndProject
Global
	GlobalSection(SolutionConfigurationPlatforms) = preSolution
		Debug|Any CPU = Debug|Any CPU
		Release|Any CPU = Release|Any CPU
	EndGlobalSection
	GlobalSection(ProjectConfigurationPlatforms) = postSolution
		{16E95A80-407C-40B4-867B-BAEDF8A57DFB}.Debug|Any CPU.ActiveCfg = Debug|Any CPU
		{16E95A80-407C-40B4-867B-BAEDF8A57DFB}.Debug|Any CPU.Build.0 = Debug|Any CPU
		{16E95A80-407C-40B4-867B-BAEDF8A57DFB}.Release|Any CPU.ActiveCfg = Release|Any CPU
		{16E95A80-407C-40B4-867B-BAEDF8A57DFB}.Release|Any CPU.Build.0 = Release|Any CPU
		{8C0C4CEA-C144-49C1-894B-4D8B7639DFF1}.Debug|Any CPU.ActiveCfg = Debug|Any CPU
		{8C0C4CEA-C144-49C1-894B-4D8B7639DFF1}.Debug|Any CPU.Build.0 = Debug|Any CPU
		{8C0C4CEA-C144-49C1-894B-4D8B7639DFF1}.Release|Any CPU.ActiveCfg = Release|Any CPU
		{8C0C4CEA-C144-49C1-894B-4D8B7639DFF1}.Release|Any CPU.Build.0 = Release|Any CPU
		{EFD4D821-D5C9-48FD-A664-218744C70E35}.Debug|Any CPU.ActiveCfg = Debug|Any CPU
		{EFD4D821-D5C9-48FD-A664-218744C70E35}.Debug|Any CPU.Build.0 = Debug|Any CPU
		{EFD4D821-D5C9-48FD-A664-218744C70E35}.Release|Any CPU.ActiveCfg = Release|Any CPU
		{EFD4D821-D5C9-48FD-A664-218744C70E35}.Release|Any CPU.Build.0 = Release|Any CPU
		{2C0CBDAF-23DA-4148-8E45-C8AE3FAFDAB2}.Debug|Any CPU.ActiveCfg = Debug|Any CPU
		{2C0CBDAF-23DA-4148-8E45-C8AE3FAFDAB2}.Debug|Any CPU.Build.0 = Debug|Any CPU
		{2C0CBDAF-23DA-4148-8E45-C8AE3FAFDAB2}.Release|Any CPU.ActiveCfg = Release|Any CPU
		{2C0CBDAF-23DA-4148-8E45-C8AE3FAFDAB2}.Release|Any CPU.Build.0 = Release|Any CPU
	EndGlobalSection
	GlobalSection(SolutionProperties) = preSolution
		HideSolutionNode = FALSE
	EndGlobalSection
EndGlobal
